PODS:
  - RxSwift (5.1.1)
  - SwiftLint (0.40.1)

DEPENDENCIES:
  - RxSwift (= 5.1.1)
  - SwiftLint

SPEC REPOS:
  trunk:
    - RxSwift
    - SwiftLint

SPEC CHECKSUMS:
  RxSwift: 81470a2074fa8780320ea5fe4102807cb7118178
  SwiftLint: bbfed21bf4451dcbd0f5cdbee44a18e06cf91b12

PODFILE CHECKSUM: 786e6e3807be1c4cc5c24631ef046a43d841a2fd

COCOAPODS: 1.9.3
