PODS:
  - RxPhotos (1.1.0):
    - RxSwift (~> 5.1.1)
  - RxSwift (5.1.1)

DEPENDENCIES:
  - RxPhotos (from `../`)
  - RxSwift (= 5.1.1)

SPEC REPOS:
  trunk:
    - RxSwift

EXTERNAL SOURCES:
  RxPhotos:
    :path: "../"

SPEC CHECKSUMS:
  RxPhotos: 7864356bf8ac2854725493d464d40d2e8a2e5eef
  RxSwift: 81470a2074fa8780320ea5fe4102807cb7118178

PODFILE CHECKSUM: 607fef2ecec6e42fc96991377d24cddc8936123c

COCOAPODS: 1.9.3
